
Microsoft Visual Studio Solution File, Format Version 12.00
# Visual Studio 2012
Project("{FAE04EC0-301F-11D3-BF4B-00C04F79EFBC}") = "WoW Talent Calculator TBC", "WoW Talent Calculator TBC\WoW Talent Calculator TBC.csproj", "{E4213DE9-2620-4D8D-86B6-6C03F5A6C1DE}"
EndProject
Global
	GlobalSection(SolutionConfigurationPlatforms) = preSolution
		Debug|Any CPU = Debug|Any CPU
		Release|Any CPU = Release|Any CPU
	EndGlobalSection
	GlobalSection(ProjectConfigurationPlatforms) = postSolution
		{E4213DE9-2620-4D8D-86B6-6C03F5A6C1DE}.Debug|Any CPU.ActiveCfg = Debug|Any CPU
		{E4213DE9-2620-4D8D-86B6-6C03F5A6C1DE}.Debug|Any CPU.Build.0 = Debug|Any CPU
		{E4213DE9-2620-4D8D-86B6-6C03F5A6C1DE}.Release|Any CPU.ActiveCfg = Release|Any CPU
		{E4213DE9-2620-4D8D-86B6-6C03F5A6C1DE}.Release|Any CPU.Build.0 = Release|Any CPU
	EndGlobalSection
	GlobalSection(SolutionProperties) = preSolution
		HideSolutionNode = FALSE
	EndGlobalSection
EndGlobal
